{
  "name": "forcecmd",
  "version": "0.0.0",
  "dependencies": {
    "graceful-fs": {
      "version": "4.1.11",
      "from": "graceful-fs@*",
      "resolved": "https://registry.npmjs.org/graceful-fs/-/graceful-fs-4.1.11.tgz"
    },
    "jszip": {
      "version": "2.2.2",
      "from": "jszip@>=2.2.0 <2.3.0",
      "resolved": "https://registry.npmjs.org/jszip/-/jszip-2.2.2.tgz"
    },
    "pako": {
      "version": "0.2.9",
      "from": "pako@>=0.2.1 <0.3.0",
      "resolved": "https://registry.npmjs.org/pako/-/pako-0.2.9.tgz"
    }
  }
}
